
Microsoft Visual Studio Solution File, Format Version 12.00
# Visual Studio Version 17
VisualStudioVersion = 17.1.32421.90
MinimumVisualStudioVersion = 10.0.40219.1
Project("{2150E333-8FDC-42A3-9474-1A3956D46DE8}") = "service", "service", "{21AC0C5A-2865-4B48-851A-7D43EB765E6C}"
EndProject
Project("{2150E333-8FDC-42A3-9474-1A3956D46DE8}") = "core", "core", "{B1717FDC-262A-40F0-B4EB-27AD16B715DA}"
EndProject
Project("{9A19103F-16F7-4668-BE54-9A1E7A4F7556}") = "BookingApp.Bus", "core\BookingApp.Bus\BookingApp.Bus.csproj", "{2030BDAD-B5D7-4AC5-8E29-F06111086E7C}"
EndProject
Project("{9A19103F-16F7-4668-BE54-9A1E7A4F7556}") = "BookingApp.Core", "core\BookingApp.Core\BookingApp.Core.csproj", "{7C039456-87BE-4496-95A2-0608F0E2B6F5}"
EndProject
Project("{2150E333-8FDC-42A3-9474-1A3956D46DE8}") = "Flight", "Flight", "{CF51E8C1-5AFE-489A-A883-3FFEA3AC3BD6}"
EndProject
Project("{2150E333-8FDC-42A3-9474-1A3956D46DE8}") = "Email", "Email", "{36AB054B-0B05-49E2-9CDB-1AE43BD6A9FD}"
EndProject
Project("{2150E333-8FDC-42A3-9474-1A3956D46DE8}") = "Identity", "Identity", "{B17594B5-372A-4704-A25D-27B09804BDD1}"
EndProject
Project("{2150E333-8FDC-42A3-9474-1A3956D46DE8}") = "Passenger", "Passenger", "{C4B31B6F-064C-4A9B-A50A-BD0E2647B95B}"
EndProject
Project("{2150E333-8FDC-42A3-9474-1A3956D46DE8}") = "Booking", "Booking", "{4A3E4393-3093-4824-906D-BE2BE96E4D33}"
EndProject
Project("{9A19103F-16F7-4668-BE54-9A1E7A4F7556}") = "BookingApp.Booking.API", "services\booking\BookingApp.Booking.API\BookingApp.Booking.API.csproj", "{4051F578-5352-40F8-A6EA-1D38D52361DC}"
EndProject
Project("{9A19103F-16F7-4668-BE54-9A1E7A4F7556}") = "BookingApp.Booking.Domain", "services\booking\BookingApp.Booking.Domain\BookingApp.Booking.Domain.csproj", "{56C42F04-62E8-46F5-A472-EE771C438FB0}"
EndProject
Project("{9A19103F-16F7-4668-BE54-9A1E7A4F7556}") = "BookingApp.Booking.Infra", "services\booking\BookingApp.Booking.Infra\BookingApp.Booking.Infra.csproj", "{2CFD9BE8-2E8C-482A-B8EB-5934AEAEAAB5}"
EndProject
Project("{9A19103F-16F7-4668-BE54-9A1E7A4F7556}") = "BookingApp.Email", "services\Email\BookingApp.Email\BookingApp.Email.csproj", "{9A36F9C9-6F2C-43B1-ADFE-E8A1D59B6547}"
EndProject
Project("{9A19103F-16F7-4668-BE54-9A1E7A4F7556}") = "BookingApp.Flight.API", "services\fligth\BookingApp.Flight.API\BookingApp.Flight.API.csproj", "{43F7BCC3-5C1A-479A-B748-08A296524E17}"
EndProject
Project("{9A19103F-16F7-4668-BE54-9A1E7A4F7556}") = "BookingApp.Flight.Domain", "services\fligth\BookingApp.Fligth.Domain\BookingApp.Flight.Domain.csproj", "{978D2B99-7501-4D8B-B274-0714C0AFBB41}"
EndProject
Project("{9A19103F-16F7-4668-BE54-9A1E7A4F7556}") = "BookingApp.Flight.Infra", "services\fligth\BookingApp.Flight.Infra\BookingApp.Flight.Infra.csproj", "{63985ACD-2C4E-4B60-89D1-575F0FD51022}"
EndProject
Project("{9A19103F-16F7-4668-BE54-9A1E7A4F7556}") = "BookingApp.Identity.API", "services\indetity\BookingApp.Identity\BookingApp.Identity.API.csproj", "{742556F3-5FF6-454E-A123-011FD2FA1485}"
EndProject
Project("{9A19103F-16F7-4668-BE54-9A1E7A4F7556}") = "BookingApp.Passenger.API", "services\passenger\BookingApp.Passenger\BookingApp.Passenger.API.csproj", "{C84D9227-B35E-473A-8983-DBECD8F3F6D4}"
EndProject
Global
	GlobalSection(SolutionConfigurationPlatforms) = preSolution
		Debug|Any CPU = Debug|Any CPU
		Release|Any CPU = Release|Any CPU
	EndGlobalSection
	GlobalSection(ProjectConfigurationPlatforms) = postSolution
		{2030BDAD-B5D7-4AC5-8E29-F06111086E7C}.Debug|Any CPU.ActiveCfg = Debug|Any CPU
		{2030BDAD-B5D7-4AC5-8E29-F06111086E7C}.Debug|Any CPU.Build.0 = Debug|Any CPU
		{2030BDAD-B5D7-4AC5-8E29-F06111086E7C}.Release|Any CPU.ActiveCfg = Release|Any CPU
		{2030BDAD-B5D7-4AC5-8E29-F06111086E7C}.Release|Any CPU.Build.0 = Release|Any CPU
		{7C039456-87BE-4496-95A2-0608F0E2B6F5}.Debug|Any CPU.ActiveCfg = Debug|Any CPU
		{7C039456-87BE-4496-95A2-0608F0E2B6F5}.Debug|Any CPU.Build.0 = Debug|Any CPU
		{7C039456-87BE-4496-95A2-0608F0E2B6F5}.Release|Any CPU.ActiveCfg = Release|Any CPU
		{7C039456-87BE-4496-95A2-0608F0E2B6F5}.Release|Any CPU.Build.0 = Release|Any CPU
		{4051F578-5352-40F8-A6EA-1D38D52361DC}.Debug|Any CPU.ActiveCfg = Debug|Any CPU
		{4051F578-5352-40F8-A6EA-1D38D52361DC}.Debug|Any CPU.Build.0 = Debug|Any CPU
		{4051F578-5352-40F8-A6EA-1D38D52361DC}.Release|Any CPU.ActiveCfg = Release|Any CPU
		{4051F578-5352-40F8-A6EA-1D38D52361DC}.Release|Any CPU.Build.0 = Release|Any CPU
		{56C42F04-62E8-46F5-A472-EE771C438FB0}.Debug|Any CPU.ActiveCfg = Debug|Any CPU
		{56C42F04-62E8-46F5-A472-EE771C438FB0}.Debug|Any CPU.Build.0 = Debug|Any CPU
		{56C42F04-62E8-46F5-A472-EE771C438FB0}.Release|Any CPU.ActiveCfg = Release|Any CPU
		{56C42F04-62E8-46F5-A472-EE771C438FB0}.Release|Any CPU.Build.0 = Release|Any CPU
		{2CFD9BE8-2E8C-482A-B8EB-5934AEAEAAB5}.Debug|Any CPU.ActiveCfg = Debug|Any CPU
		{2CFD9BE8-2E8C-482A-B8EB-5934AEAEAAB5}.Debug|Any CPU.Build.0 = Debug|Any CPU
		{2CFD9BE8-2E8C-482A-B8EB-5934AEAEAAB5}.Release|Any CPU.ActiveCfg = Release|Any CPU
		{2CFD9BE8-2E8C-482A-B8EB-5934AEAEAAB5}.Release|Any CPU.Build.0 = Release|Any CPU
		{9A36F9C9-6F2C-43B1-ADFE-E8A1D59B6547}.Debug|Any CPU.ActiveCfg = Debug|Any CPU
		{9A36F9C9-6F2C-43B1-ADFE-E8A1D59B6547}.Debug|Any CPU.Build.0 = Debug|Any CPU
		{9A36F9C9-6F2C-43B1-ADFE-E8A1D59B6547}.Release|Any CPU.ActiveCfg = Release|Any CPU
		{9A36F9C9-6F2C-43B1-ADFE-E8A1D59B6547}.Release|Any CPU.Build.0 = Release|Any CPU
		{43F7BCC3-5C1A-479A-B748-08A296524E17}.Debug|Any CPU.ActiveCfg = Debug|Any CPU
		{43F7BCC3-5C1A-479A-B748-08A296524E17}.Debug|Any CPU.Build.0 = Debug|Any CPU
		{43F7BCC3-5C1A-479A-B748-08A296524E17}.Release|Any CPU.ActiveCfg = Release|Any CPU
		{43F7BCC3-5C1A-479A-B748-08A296524E17}.Release|Any CPU.Build.0 = Release|Any CPU
		{978D2B99-7501-4D8B-B274-0714C0AFBB41}.Debug|Any CPU.ActiveCfg = Debug|Any CPU
		{978D2B99-7501-4D8B-B274-0714C0AFBB41}.Debug|Any CPU.Build.0 = Debug|Any CPU
		{978D2B99-7501-4D8B-B274-0714C0AFBB41}.Release|Any CPU.ActiveCfg = Release|Any CPU
		{978D2B99-7501-4D8B-B274-0714C0AFBB41}.Release|Any CPU.Build.0 = Release|Any CPU
		{63985ACD-2C4E-4B60-89D1-575F0FD51022}.Debug|Any CPU.ActiveCfg = Debug|Any CPU
		{63985ACD-2C4E-4B60-89D1-575F0FD51022}.Debug|Any CPU.Build.0 = Debug|Any CPU
		{63985ACD-2C4E-4B60-89D1-575F0FD51022}.Release|Any CPU.ActiveCfg = Release|Any CPU
		{63985ACD-2C4E-4B60-89D1-575F0FD51022}.Release|Any CPU.Build.0 = Release|Any CPU
		{742556F3-5FF6-454E-A123-011FD2FA1485}.Debug|Any CPU.ActiveCfg = Debug|Any CPU
		{742556F3-5FF6-454E-A123-011FD2FA1485}.Debug|Any CPU.Build.0 = Debug|Any CPU
		{742556F3-5FF6-454E-A123-011FD2FA1485}.Release|Any CPU.ActiveCfg = Release|Any CPU
		{742556F3-5FF6-454E-A123-011FD2FA1485}.Release|Any CPU.Build.0 = Release|Any CPU
		{C84D9227-B35E-473A-8983-DBECD8F3F6D4}.Debug|Any CPU.ActiveCfg = Debug|Any CPU
		{C84D9227-B35E-473A-8983-DBECD8F3F6D4}.Debug|Any CPU.Build.0 = Debug|Any CPU
		{C84D9227-B35E-473A-8983-DBECD8F3F6D4}.Release|Any CPU.ActiveCfg = Release|Any CPU
		{C84D9227-B35E-473A-8983-DBECD8F3F6D4}.Release|Any CPU.Build.0 = Release|Any CPU
	EndGlobalSection
	GlobalSection(SolutionProperties) = preSolution
		HideSolutionNode = FALSE
	EndGlobalSection
	GlobalSection(NestedProjects) = preSolution
		{2030BDAD-B5D7-4AC5-8E29-F06111086E7C} = {B1717FDC-262A-40F0-B4EB-27AD16B715DA}
		{7C039456-87BE-4496-95A2-0608F0E2B6F5} = {B1717FDC-262A-40F0-B4EB-27AD16B715DA}
		{CF51E8C1-5AFE-489A-A883-3FFEA3AC3BD6} = {21AC0C5A-2865-4B48-851A-7D43EB765E6C}
		{36AB054B-0B05-49E2-9CDB-1AE43BD6A9FD} = {21AC0C5A-2865-4B48-851A-7D43EB765E6C}
		{B17594B5-372A-4704-A25D-27B09804BDD1} = {21AC0C5A-2865-4B48-851A-7D43EB765E6C}
		{C4B31B6F-064C-4A9B-A50A-BD0E2647B95B} = {21AC0C5A-2865-4B48-851A-7D43EB765E6C}
		{4A3E4393-3093-4824-906D-BE2BE96E4D33} = {21AC0C5A-2865-4B48-851A-7D43EB765E6C}
		{4051F578-5352-40F8-A6EA-1D38D52361DC} = {4A3E4393-3093-4824-906D-BE2BE96E4D33}
		{56C42F04-62E8-46F5-A472-EE771C438FB0} = {4A3E4393-3093-4824-906D-BE2BE96E4D33}
		{2CFD9BE8-2E8C-482A-B8EB-5934AEAEAAB5} = {4A3E4393-3093-4824-906D-BE2BE96E4D33}
		{9A36F9C9-6F2C-43B1-ADFE-E8A1D59B6547} = {36AB054B-0B05-49E2-9CDB-1AE43BD6A9FD}
		{43F7BCC3-5C1A-479A-B748-08A296524E17} = {CF51E8C1-5AFE-489A-A883-3FFEA3AC3BD6}
		{978D2B99-7501-4D8B-B274-0714C0AFBB41} = {CF51E8C1-5AFE-489A-A883-3FFEA3AC3BD6}
		{63985ACD-2C4E-4B60-89D1-575F0FD51022} = {CF51E8C1-5AFE-489A-A883-3FFEA3AC3BD6}
		{742556F3-5FF6-454E-A123-011FD2FA1485} = {B17594B5-372A-4704-A25D-27B09804BDD1}
		{C84D9227-B35E-473A-8983-DBECD8F3F6D4} = {C4B31B6F-064C-4A9B-A50A-BD0E2647B95B}
	EndGlobalSection
	GlobalSection(ExtensibilityGlobals) = postSolution
		SolutionGuid = {B7787DAE-B4F9-4E31-AAD8-F82D19DF9822}
	EndGlobalSection
EndGlobal
